
Microsoft Visual Studio Solution File, Format Version 12.00
# Visual Studio Version 16
VisualStudioVersion = 16.0.30804.86
MinimumVisualStudioVersion = 10.0.40219.1
Project("{FAE04EC0-301F-11D3-BF4B-00C04F79EFBC}") = "if_validations", "if_validations\if_validations.csproj", "{30BDA128-9926-412B-AD9E-676E57A79A8B}"
EndProject
Project("{FAE04EC0-301F-11D3-BF4B-00C04F79EFBC}") = "if_validations_", "if_validations_\if_validations_.csproj", "{67C03300-1513-49F9-8E14-507EA35B8843}"
EndProject
Global
	GlobalSection(SolutionConfigurationPlatforms) = preSolution
		Debug|Any CPU = Debug|Any CPU
		Release|Any CPU = Release|Any CPU
	EndGlobalSection
	GlobalSection(ProjectConfigurationPlatforms) = postSolution
		{30BDA128-9926-412B-AD9E-676E57A79A8B}.Debug|Any CPU.ActiveCfg = Debug|Any CPU
		{30BDA128-9926-412B-AD9E-676E57A79A8B}.Debug|Any CPU.Build.0 = Debug|Any CPU
		{30BDA128-9926-412B-AD9E-676E57A79A8B}.Release|Any CPU.ActiveCfg = Release|Any CPU
		{30BDA128-9926-412B-AD9E-676E57A79A8B}.Release|Any CPU.Build.0 = Release|Any CPU
		{67C03300-1513-49F9-8E14-507EA35B8843}.Debug|Any CPU.ActiveCfg = Debug|Any CPU
		{67C03300-1513-49F9-8E14-507EA35B8843}.Debug|Any CPU.Build.0 = Debug|Any CPU
		{67C03300-1513-49F9-8E14-507EA35B8843}.Release|Any CPU.ActiveCfg = Release|Any CPU
		{67C03300-1513-49F9-8E14-507EA35B8843}.Release|Any CPU.Build.0 = Release|Any CPU
	EndGlobalSection
	GlobalSection(SolutionProperties) = preSolution
		HideSolutionNode = FALSE
	EndGlobalSection
	GlobalSection(ExtensibilityGlobals) = postSolution
		SolutionGuid = {57136CFC-EF6B-414C-843C-2D4F576F19DD}
	EndGlobalSection
EndGlobal
